PODS:
  - OpenrouteService (0.1.0)
  - Promise (0.1.0)
  - Pulley (2.7.0)

DEPENDENCIES:
  - OpenrouteService (from `./Libs/OpenrouteService`)
  - Promise (from `./Libs/Promise`)
  - Pulley

SPEC REPOS:
  https://github.com/cocoapods/specs.git:
    - Pulley

EXTERNAL SOURCES:
  OpenrouteService:
    :path: "./Libs/OpenrouteService"
  Promise:
    :path: "./Libs/Promise"

SPEC CHECKSUMS:
  OpenrouteService: b97ac2f38bbbcc9d8e6f2b47f39f82e29072585c
  Promise: da060f1dea87703330de4f4474dd83ae11e3d5dd
  Pulley: 028ddcc7d2dcbc078d71b61b7eee8e786d72c14a

PODFILE CHECKSUM: 77c1007efea0a9eefcf9fe00312c34c3aad54084

COCOAPODS: 1.6.1
