// !$*UTF8*$!
{
	archiveVersion = 1;
	classes = {
	};
	objectVersion = 50;
	objects = {

/* Begin PBXBuildFile section */
		505084252221DB07000662B8 /* AppDelegate.swift in Sources */ = {isa = PBXBuildFile; fileRef = 505084242221DB07000662B8 /* AppDelegate.swift */; };
		505084272221DB07000662B8 /* MapViewController.swift in Sources */ = {isa = PBXBuildFile; fileRef = 505084262221DB07000662B8 /* MapViewController.swift */; };
		5050842C2221DB09000662B8 /* Assets.xcassets in Resources */ = {isa = PBXBuildFile; fileRef = 5050842B2221DB09000662B8 /* Assets.xcassets */; };
		5050842F2221DB09000662B8 /* LaunchScreen.storyboard in Resources */ = {isa = PBXBuildFile; fileRef = 5050842D2221DB09000662B8 /* LaunchScreen.storyboard */; };
		50779BE9222C6E3000891EA7 /* SignalDispatcher.swift in Sources */ = {isa = PBXBuildFile; fileRef = 50779BE8222C6E3000891EA7 /* SignalDispatcher.swift */; };
		50779BFE222C80CE00891EA7 /* RecentSuggestionsSource.swift in Sources */ = {isa = PBXBuildFile; fileRef = 50779BFD222C80CE00891EA7 /* RecentSuggestionsSource.swift */; };
		CF47D07522271BF100083728 /* MapKit.framework in Frameworks */ = {isa = PBXBuildFile; fileRef = CF47D07422271BF100083728 /* MapKit.framework */; };
		CF90836F222DB051002CC71F /* DarkMode.swift in Sources */ = {isa = PBXBuildFile; fileRef = CF90836E222DB051002CC71F /* DarkMode.swift */; };
		CF908371222DBBBB002CC71F /* DrawerViewController.swift in Sources */ = {isa = PBXBuildFile; fileRef = CF908370222DBBBB002CC71F /* DrawerViewController.swift */; };
		CF908373222DC1CC002CC71F /* StackViewController.swift in Sources */ = {isa = PBXBuildFile; fileRef = CF908372222DC1CC002CC71F /* StackViewController.swift */; };
		CFAAEBD22227DF77009926A2 /* SearchViewController.swift in Sources */ = {isa = PBXBuildFile; fileRef = CFAAEBD02227DF77009926A2 /* SearchViewController.swift */; };
		CFAAEBD32227DF77009926A2 /* SearchViewController.xib in Resources */ = {isa = PBXBuildFile; fileRef = CFAAEBD12227DF77009926A2 /* SearchViewController.xib */; };
		CFAAEBD92227EF6A009926A2 /* SearchController.swift in Sources */ = {isa = PBXBuildFile; fileRef = CFAAEBD82227EF6A009926A2 /* SearchController.swift */; };
		CFAAEBDC2227F71D009926A2 /* OpenRouteSuggestionSource.swift in Sources */ = {isa = PBXBuildFile; fileRef = CFAAEBDB2227F71D009926A2 /* OpenRouteSuggestionSource.swift */; };
		CFAAEBDE22280868009926A2 /* DummySuggestionSource.swift in Sources */ = {isa = PBXBuildFile; fileRef = CFAAEBDD22280868009926A2 /* DummySuggestionSource.swift */; };
		CFAAEC2022284080009926A2 /* LocationController.swift in Sources */ = {isa = PBXBuildFile; fileRef = CFAAEC1F22284080009926A2 /* LocationController.swift */; };
		F0410E06E9952E8A4CB433F9 /* Pods_Abstrampeln.framework in Frameworks */ = {isa = PBXBuildFile; fileRef = 3A89F82EE68F7067167B7F18 /* Pods_Abstrampeln.framework */; };
/* End PBXBuildFile section */

/* Begin PBXFileReference section */
		3A89F82EE68F7067167B7F18 /* Pods_Abstrampeln.framework */ = {isa = PBXFileReference; explicitFileType = wrapper.framework; includeInIndex = 0; path = Pods_Abstrampeln.framework; sourceTree = BUILT_PRODUCTS_DIR; };
		505084212221DB07000662B8 /* Abstrampeln.app */ = {isa = PBXFileReference; explicitFileType = wrapper.application; includeInIndex = 0; path = Abstrampeln.app; sourceTree = BUILT_PRODUCTS_DIR; };
		505084242221DB07000662B8 /* AppDelegate.swift */ = {isa = PBXFileReference; lastKnownFileType = sourcecode.swift; path = AppDelegate.swift; sourceTree = "<group>"; };
		505084262221DB07000662B8 /* MapViewController.swift */ = {isa = PBXFileReference; indentWidth = 2; lastKnownFileType = sourcecode.swift; path = MapViewController.swift; sourceTree = "<group>"; tabWidth = 2; };
		5050842B2221DB09000662B8 /* Assets.xcassets */ = {isa = PBXFileReference; lastKnownFileType = folder.assetcatalog; path = Assets.xcassets; sourceTree = "<group>"; };
		5050842E2221DB09000662B8 /* Base */ = {isa = PBXFileReference; lastKnownFileType = file.storyboard; name = Base; path = Base.lproj/LaunchScreen.storyboard; sourceTree = "<group>"; };
		505084302221DB09000662B8 /* Info.plist */ = {isa = PBXFileReference; lastKnownFileType = text.plist.xml; path = Info.plist; sourceTree = "<group>"; };
		50779BE8222C6E3000891EA7 /* SignalDispatcher.swift */ = {isa = PBXFileReference; lastKnownFileType = sourcecode.swift; path = SignalDispatcher.swift; sourceTree = "<group>"; };
		50779BFD222C80CE00891EA7 /* RecentSuggestionsSource.swift */ = {isa = PBXFileReference; lastKnownFileType = sourcecode.swift; path = RecentSuggestionsSource.swift; sourceTree = "<group>"; };
		57D7A809755AD63C28DAA67C /* Pods-Abstrampeln.release.xcconfig */ = {isa = PBXFileReference; includeInIndex = 1; lastKnownFileType = text.xcconfig; name = "Pods-Abstrampeln.release.xcconfig"; path = "Target Support Files/Pods-Abstrampeln/Pods-Abstrampeln.release.xcconfig"; sourceTree = "<group>"; };
		CF47D07422271BF100083728 /* MapKit.framework */ = {isa = PBXFileReference; lastKnownFileType = wrapper.framework; name = MapKit.framework; path = System/Library/Frameworks/MapKit.framework; sourceTree = SDKROOT; };
		CF90836C222DAE91002CC71F /* MKMapView.h */ = {isa = PBXFileReference; lastKnownFileType = sourcecode.c.h; path = MKMapView.h; sourceTree = "<group>"; };
		CF90836D222DAEB8002CC71F /* BridgingHeader.h */ = {isa = PBXFileReference; lastKnownFileType = sourcecode.c.h; path = BridgingHeader.h; sourceTree = "<group>"; };
		CF90836E222DB051002CC71F /* DarkMode.swift */ = {isa = PBXFileReference; lastKnownFileType = sourcecode.swift; path = DarkMode.swift; sourceTree = "<group>"; };
		CF908370222DBBBB002CC71F /* DrawerViewController.swift */ = {isa = PBXFileReference; lastKnownFileType = sourcecode.swift; path = DrawerViewController.swift; sourceTree = "<group>"; };
		CF908372222DC1CC002CC71F /* StackViewController.swift */ = {isa = PBXFileReference; lastKnownFileType = sourcecode.swift; path = StackViewController.swift; sourceTree = "<group>"; };
		CFAAEBD02227DF77009926A2 /* SearchViewController.swift */ = {isa = PBXFileReference; lastKnownFileType = sourcecode.swift; path = SearchViewController.swift; sourceTree = "<group>"; };
		CFAAEBD12227DF77009926A2 /* SearchViewController.xib */ = {isa = PBXFileReference; lastKnownFileType = file.xib; path = SearchViewController.xib; sourceTree = "<group>"; };
		CFAAEBD82227EF6A009926A2 /* SearchController.swift */ = {isa = PBXFileReference; lastKnownFileType = sourcecode.swift; path = SearchController.swift; sourceTree = "<group>"; };
		CFAAEBDB2227F71D009926A2 /* OpenRouteSuggestionSource.swift */ = {isa = PBXFileReference; lastKnownFileType = sourcecode.swift; path = OpenRouteSuggestionSource.swift; sourceTree = "<group>"; };
		CFAAEBDD22280868009926A2 /* DummySuggestionSource.swift */ = {isa = PBXFileReference; lastKnownFileType = sourcecode.swift; path = DummySuggestionSource.swift; sourceTree = "<group>"; };
		CFAAEC1F22284080009926A2 /* LocationController.swift */ = {isa = PBXFileReference; lastKnownFileType = sourcecode.swift; path = LocationController.swift; sourceTree = "<group>"; };
		F89CA79EC11B1ED0E43F2990 /* Pods-Abstrampeln.debug.xcconfig */ = {isa = PBXFileReference; includeInIndex = 1; lastKnownFileType = text.xcconfig; name = "Pods-Abstrampeln.debug.xcconfig"; path = "Target Support Files/Pods-Abstrampeln/Pods-Abstrampeln.debug.xcconfig"; sourceTree = "<group>"; };
/* End PBXFileReference section */

/* Begin PBXFrameworksBuildPhase section */
		5050841E2221DB07000662B8 /* Frameworks */ = {
			isa = PBXFrameworksBuildPhase;
			buildActionMask = 2147483647;
			files = (
				CF47D07522271BF100083728 /* MapKit.framework in Frameworks */,
				F0410E06E9952E8A4CB433F9 /* Pods_Abstrampeln.framework in Frameworks */,
			);
			runOnlyForDeploymentPostprocessing = 0;
		};
/* End PBXFrameworksBuildPhase section */

/* Begin PBXGroup section */
		207ACFF84D649C5DDA8E1916 /* Frameworks */ = {
			isa = PBXGroup;
			children = (
				CF47D07422271BF100083728 /* MapKit.framework */,
				3A89F82EE68F7067167B7F18 /* Pods_Abstrampeln.framework */,
			);
			name = Frameworks;
			sourceTree = "<group>";
		};
		505084182221DB07000662B8 = {
			isa = PBXGroup;
			children = (
				505084232221DB07000662B8 /* Abstrampeln */,
				505084222221DB07000662B8 /* Products */,
				E707EC94AA0939515A8005DB /* Pods */,
				207ACFF84D649C5DDA8E1916 /* Frameworks */,
			);
			indentWidth = 2;
			sourceTree = "<group>";
			tabWidth = 2;
		};
		505084222221DB07000662B8 /* Products */ = {
			isa = PBXGroup;
			children = (
				505084212221DB07000662B8 /* Abstrampeln.app */,
			);
			name = Products;
			sourceTree = "<group>";
		};
		505084232221DB07000662B8 /* Abstrampeln */ = {
			isa = PBXGroup;
			children = (
				CFAAEBDA2227F6F4009926A2 /* Search */,
				505084242221DB07000662B8 /* AppDelegate.swift */,
				505084262221DB07000662B8 /* MapViewController.swift */,
				5050842B2221DB09000662B8 /* Assets.xcassets */,
				5050842D2221DB09000662B8 /* LaunchScreen.storyboard */,
				505084302221DB09000662B8 /* Info.plist */,
				CFAAEBD02227DF77009926A2 /* SearchViewController.swift */,
				CFAAEBD12227DF77009926A2 /* SearchViewController.xib */,
				CFAAEC1F22284080009926A2 /* LocationController.swift */,
				50779BE8222C6E3000891EA7 /* SignalDispatcher.swift */,
				CF90836C222DAE91002CC71F /* MKMapView.h */,
				CF90836D222DAEB8002CC71F /* BridgingHeader.h */,
				CF90836E222DB051002CC71F /* DarkMode.swift */,
				CF908370222DBBBB002CC71F /* DrawerViewController.swift */,
				CF908372222DC1CC002CC71F /* StackViewController.swift */,
			);
			path = Abstrampeln;
			sourceTree = "<group>";
		};
		CFAAEBDA2227F6F4009926A2 /* Search */ = {
			isa = PBXGroup;
			children = (
				CFAAEBD82227EF6A009926A2 /* SearchController.swift */,
				CFAAEBDB2227F71D009926A2 /* OpenRouteSuggestionSource.swift */,
				CFAAEBDD22280868009926A2 /* DummySuggestionSource.swift */,
				50779BFD222C80CE00891EA7 /* RecentSuggestionsSource.swift */,
			);
			path = Search;
			sourceTree = "<group>";
		};
		E707EC94AA0939515A8005DB /* Pods */ = {
			isa = PBXGroup;
			children = (
				F89CA79EC11B1ED0E43F2990 /* Pods-Abstrampeln.debug.xcconfig */,
				57D7A809755AD63C28DAA67C /* Pods-Abstrampeln.release.xcconfig */,
			);
			path = Pods;
			sourceTree = "<group>";
		};
/* End PBXGroup section */

/* Begin PBXNativeTarget section */
		505084202221DB07000662B8 /* Abstrampeln */ = {
			isa = PBXNativeTarget;
			buildConfigurationList = 505084332221DB09000662B8 /* Build configuration list for PBXNativeTarget "Abstrampeln" */;
			buildPhases = (
				6A2EBEC4693A0D43B11C3F44 /* [CP] Check Pods Manifest.lock */,
				5050841D2221DB07000662B8 /* Sources */,
				5050841E2221DB07000662B8 /* Frameworks */,
				5050841F2221DB07000662B8 /* Resources */,
				76062F2F8E2B6BCB8D84BAFD /* [CP] Embed Pods Frameworks */,
			);
			buildRules = (
			);
			dependencies = (
			);
			name = Abstrampeln;
			productName = Abstrampeln;
			productReference = 505084212221DB07000662B8 /* Abstrampeln.app */;
			productType = "com.apple.product-type.application";
		};
/* End PBXNativeTarget section */

/* Begin PBXProject section */
		505084192221DB07000662B8 /* Project object */ = {
			isa = PBXProject;
			attributes = {
				LastSwiftUpdateCheck = 1010;
				LastUpgradeCheck = 1010;
				ORGANIZATIONNAME = "Max von Webel";
				TargetAttributes = {
					505084202221DB07000662B8 = {
						CreatedOnToolsVersion = 10.1;
						LastSwiftMigration = 1020;
						SystemCapabilities = {
							com.apple.Maps.iOS = {
								enabled = 1;
							};
						};
					};
				};
			};
			buildConfigurationList = 5050841C2221DB07000662B8 /* Build configuration list for PBXProject "Abstrampeln" */;
			compatibilityVersion = "Xcode 9.3";
			developmentRegion = en;
			hasScannedForEncodings = 0;
			knownRegions = (
				en,
				Base,
			);
			mainGroup = 505084182221DB07000662B8;
			productRefGroup = 505084222221DB07000662B8 /* Products */;
			projectDirPath = "";
			projectRoot = "";
			targets = (
				505084202221DB07000662B8 /* Abstrampeln */,
			);
		};
/* End PBXProject section */

/* Begin PBXResourcesBuildPhase section */
		5050841F2221DB07000662B8 /* Resources */ = {
			isa = PBXResourcesBuildPhase;
			buildActionMask = 2147483647;
			files = (
				5050842F2221DB09000662B8 /* LaunchScreen.storyboard in Resources */,
				5050842C2221DB09000662B8 /* Assets.xcassets in Resources */,
				CFAAEBD32227DF77009926A2 /* SearchViewController.xib in Resources */,
			);
			runOnlyForDeploymentPostprocessing = 0;
		};
/* End PBXResourcesBuildPhase section */

/* Begin PBXShellScriptBuildPhase section */
		6A2EBEC4693A0D43B11C3F44 /* [CP] Check Pods Manifest.lock */ = {
			isa = PBXShellScriptBuildPhase;
			buildActionMask = 2147483647;
			files = (
			);
			inputFileListPaths = (
			);
			inputPaths = (
				"${PODS_PODFILE_DIR_PATH}/Podfile.lock",
				"${PODS_ROOT}/Manifest.lock",
			);
			name = "[CP] Check Pods Manifest.lock";
			outputFileListPaths = (
			);
			outputPaths = (
				"$(DERIVED_FILE_DIR)/Pods-Abstrampeln-checkManifestLockResult.txt",
			);
			runOnlyForDeploymentPostprocessing = 0;
			shellPath = /bin/sh;
			shellScript = "diff \"${PODS_PODFILE_DIR_PATH}/Podfile.lock\" \"${PODS_ROOT}/Manifest.lock\" > /dev/null\nif [ $? != 0 ] ; then\n    # print error to STDERR\n    echo \"error: The sandbox is not in sync with the Podfile.lock. Run 'pod install' or update your CocoaPods installation.\" >&2\n    exit 1\nfi\n# This output is used by Xcode 'outputs' to avoid re-running this script phase.\necho \"SUCCESS\" > \"${SCRIPT_OUTPUT_FILE_0}\"\n";
			showEnvVarsInLog = 0;
		};
		76062F2F8E2B6BCB8D84BAFD /* [CP] Embed Pods Frameworks */ = {
			isa = PBXShellScriptBuildPhase;
			buildActionMask = 2147483647;
			files = (
			);
			inputFileListPaths = (
			);
			inputPaths = (
				"${PODS_ROOT}/Target Support Files/Pods-Abstrampeln/Pods-Abstrampeln-frameworks.sh",
				"${BUILT_PRODUCTS_DIR}/OpenrouteService/OpenrouteService.framework",
				"${BUILT_PRODUCTS_DIR}/Pulley/Pulley.framework",
			);
			name = "[CP] Embed Pods Frameworks";
			outputFileListPaths = (
			);
			outputPaths = (
				"${TARGET_BUILD_DIR}/${FRAMEWORKS_FOLDER_PATH}/OpenrouteService.framework",
				"${TARGET_BUILD_DIR}/${FRAMEWORKS_FOLDER_PATH}/Pulley.framework",
			);
			runOnlyForDeploymentPostprocessing = 0;
			shellPath = /bin/sh;
			shellScript = "\"${PODS_ROOT}/Target Support Files/Pods-Abstrampeln/Pods-Abstrampeln-frameworks.sh\"\n";
			showEnvVarsInLog = 0;
		};
/* End PBXShellScriptBuildPhase section */

/* Begin PBXSourcesBuildPhase section */
		5050841D2221DB07000662B8 /* Sources */ = {
			isa = PBXSourcesBuildPhase;
			buildActionMask = 2147483647;
			files = (
				CF90836F222DB051002CC71F /* DarkMode.swift in Sources */,
				50779BE9222C6E3000891EA7 /* SignalDispatcher.swift in Sources */,
				50779BFE222C80CE00891EA7 /* RecentSuggestionsSource.swift in Sources */,
				CFAAEC2022284080009926A2 /* LocationController.swift in Sources */,
				CFAAEBD22227DF77009926A2 /* SearchViewController.swift in Sources */,
				CF908371222DBBBB002CC71F /* DrawerViewController.swift in Sources */,
				CFAAEBDE22280868009926A2 /* DummySuggestionSource.swift in Sources */,
				505084272221DB07000662B8 /* MapViewController.swift in Sources */,
				CFAAEBDC2227F71D009926A2 /* OpenRouteSuggestionSource.swift in Sources */,
				CF908373222DC1CC002CC71F /* StackViewController.swift in Sources */,
				CFAAEBD92227EF6A009926A2 /* SearchController.swift in Sources */,
				505084252221DB07000662B8 /* AppDelegate.swift in Sources */,
			);
			runOnlyForDeploymentPostprocessing = 0;
		};
/* End PBXSourcesBuildPhase section */

/* Begin PBXVariantGroup section */
		5050842D2221DB09000662B8 /* LaunchScreen.storyboard */ = {
			isa = PBXVariantGroup;
			children = (
				5050842E2221DB09000662B8 /* Base */,
			);
			name = LaunchScreen.storyboard;
			sourceTree = "<group>";
		};
/* End PBXVariantGroup section */

/* Begin XCBuildConfiguration section */
		505084312221DB09000662B8 /* Debug */ = {
			isa = XCBuildConfiguration;
			buildSettings = {
				ALWAYS_SEARCH_USER_PATHS = NO;
				CLANG_ANALYZER_NONNULL = YES;
				CLANG_ANALYZER_NUMBER_OBJECT_CONVERSION = YES_AGGRESSIVE;
				CLANG_CXX_LANGUAGE_STANDARD = "gnu++14";
				CLANG_CXX_LIBRARY = "libc++";
				CLANG_ENABLE_MODULES = YES;
				CLANG_ENABLE_OBJC_ARC = YES;
				CLANG_ENABLE_OBJC_WEAK = YES;
				CLANG_WARN_BLOCK_CAPTURE_AUTORELEASING = YES;
				CLANG_WARN_BOOL_CONVERSION = YES;
				CLANG_WARN_COMMA = YES;
				CLANG_WARN_CONSTANT_CONVERSION = YES;
				CLANG_WARN_DEPRECATED_OBJC_IMPLEMENTATIONS = YES;
				CLANG_WARN_DIRECT_OBJC_ISA_USAGE = YES_ERROR;
				CLANG_WARN_DOCUMENTATION_COMMENTS = YES;
				CLANG_WARN_EMPTY_BODY = YES;
				CLANG_WARN_ENUM_CONVERSION = YES;
				CLANG_WARN_INFINITE_RECURSION = YES;
				CLANG_WARN_INT_CONVERSION = YES;
				CLANG_WARN_NON_LITERAL_NULL_CONVERSION = YES;
				CLANG_WARN_OBJC_IMPLICIT_RETAIN_SELF = YES;
				CLANG_WARN_OBJC_LITERAL_CONVERSION = YES;
				CLANG_WARN_OBJC_ROOT_CLASS = YES_ERROR;
				CLANG_WARN_RANGE_LOOP_ANALYSIS = YES;
				CLANG_WARN_STRICT_PROTOTYPES = YES;
				CLANG_WARN_SUSPICIOUS_MOVE = YES;
				CLANG_WARN_UNGUARDED_AVAILABILITY = YES_AGGRESSIVE;
				CLANG_WARN_UNREACHABLE_CODE = YES;
				CLANG_WARN__DUPLICATE_METHOD_MATCH = YES;
				CODE_SIGN_IDENTITY = "iPhone Developer";
				COPY_PHASE_STRIP = NO;
				DEBUG_INFORMATION_FORMAT = dwarf;
				ENABLE_STRICT_OBJC_MSGSEND = YES;
				ENABLE_TESTABILITY = YES;
				GCC_C_LANGUAGE_STANDARD = gnu11;
				GCC_DYNAMIC_NO_PIC = NO;
				GCC_NO_COMMON_BLOCKS = YES;
				GCC_OPTIMIZATION_LEVEL = 0;
				GCC_PREPROCESSOR_DEFINITIONS = (
					"DEBUG=1",
					"$(inherited)",
				);
				GCC_WARN_64_TO_32_BIT_CONVERSION = YES;
				GCC_WARN_ABOUT_RETURN_TYPE = YES_ERROR;
				GCC_WARN_UNDECLARED_SELECTOR = YES;
				GCC_WARN_UNINITIALIZED_AUTOS = YES_AGGRESSIVE;
				GCC_WARN_UNUSED_FUNCTION = YES;
				GCC_WARN_UNUSED_VARIABLE = YES;
				IPHONEOS_DEPLOYMENT_TARGET = 12.1;
				MTL_ENABLE_DEBUG_INFO = INCLUDE_SOURCE;
				MTL_FAST_MATH = YES;
				ONLY_ACTIVE_ARCH = YES;
				SDKROOT = iphoneos;
				SWIFT_ACTIVE_COMPILATION_CONDITIONS = DEBUG;
				SWIFT_OBJC_BRIDGING_HEADER = Abstrampeln/BridgingHeader.h;
				SWIFT_OPTIMIZATION_LEVEL = "-Onone";
			};
			name = Debug;
		};
		505084322221DB09000662B8 /* Release */ = {
			isa = XCBuildConfiguration;
			buildSettings = {
				ALWAYS_SEARCH_USER_PATHS = NO;
				CLANG_ANALYZER_NONNULL = YES;
				CLANG_ANALYZER_NUMBER_OBJECT_CONVERSION = YES_AGGRESSIVE;
				CLANG_CXX_LANGUAGE_STANDARD = "gnu++14";
				CLANG_CXX_LIBRARY = "libc++";
				CLANG_ENABLE_MODULES = YES;
				CLANG_ENABLE_OBJC_ARC = YES;
				CLANG_ENABLE_OBJC_WEAK = YES;
				CLANG_WARN_BLOCK_CAPTURE_AUTORELEASING = YES;
				CLANG_WARN_BOOL_CONVERSION = YES;
				CLANG_WARN_COMMA = YES;
				CLANG_WARN_CONSTANT_CONVERSION = YES;
				CLANG_WARN_DEPRECATED_OBJC_IMPLEMENTATIONS = YES;
				CLANG_WARN_DIRECT_OBJC_ISA_USAGE = YES_ERROR;
				CLANG_WARN_DOCUMENTATION_COMMENTS = YES;
				CLANG_WARN_EMPTY_BODY = YES;
				CLANG_WARN_ENUM_CONVERSION = YES;
				CLANG_WARN_INFINITE_RECURSION = YES;
				CLANG_WARN_INT_CONVERSION = YES;
				CLANG_WARN_NON_LITERAL_NULL_CONVERSION = YES;
				CLANG_WARN_OBJC_IMPLICIT_RETAIN_SELF = YES;
				CLANG_WARN_OBJC_LITERAL_CONVERSION = YES;
				CLANG_WARN_OBJC_ROOT_CLASS = YES_ERROR;
				CLANG_WARN_RANGE_LOOP_ANALYSIS = YES;
				CLANG_WARN_STRICT_PROTOTYPES = YES;
				CLANG_WARN_SUSPICIOUS_MOVE = YES;
				CLANG_WARN_UNGUARDED_AVAILABILITY = YES_AGGRESSIVE;
				CLANG_WARN_UNREACHABLE_CODE = YES;
				CLANG_WARN__DUPLICATE_METHOD_MATCH = YES;
				CODE_SIGN_IDENTITY = "iPhone Developer";
				COPY_PHASE_STRIP = NO;
				DEBUG_INFORMATION_FORMAT = "dwarf-with-dsym";
				ENABLE_NS_ASSERTIONS = NO;
				ENABLE_STRICT_OBJC_MSGSEND = YES;
				GCC_C_LANGUAGE_STANDARD = gnu11;
				GCC_NO_COMMON_BLOCKS = YES;
				GCC_WARN_64_TO_32_BIT_CONVERSION = YES;
				GCC_WARN_ABOUT_RETURN_TYPE = YES_ERROR;
				GCC_WARN_UNDECLARED_SELECTOR = YES;
				GCC_WARN_UNINITIALIZED_AUTOS = YES_AGGRESSIVE;
				GCC_WARN_UNUSED_FUNCTION = YES;
				GCC_WARN_UNUSED_VARIABLE = YES;
				IPHONEOS_DEPLOYMENT_TARGET = 12.1;
				MTL_ENABLE_DEBUG_INFO = NO;
				MTL_FAST_MATH = YES;
				SDKROOT = iphoneos;
				SWIFT_COMPILATION_MODE = wholemodule;
				SWIFT_OBJC_BRIDGING_HEADER = Abstrampeln/BridgingHeader.h;
				SWIFT_OPTIMIZATION_LEVEL = "-O";
				VALIDATE_PRODUCT = YES;
			};
			name = Release;
		};
		505084342221DB09000662B8 /* Debug */ = {
			isa = XCBuildConfiguration;
			baseConfigurationReference = F89CA79EC11B1ED0E43F2990 /* Pods-Abstrampeln.debug.xcconfig */;
			buildSettings = {
				ASSETCATALOG_COMPILER_APPICON_NAME = AppIcon;
				CODE_SIGN_STYLE = Automatic;
				DEVELOPMENT_TEAM = ATMW4AU45H;
				INFOPLIST_FILE = Abstrampeln/Info.plist;
				LD_RUNPATH_SEARCH_PATHS = (
					"$(inherited)",
					"@executable_path/Frameworks",
				);
				PRODUCT_BUNDLE_IDENTIFIER = de.343max.Abstrampeln;
				PRODUCT_NAME = "$(TARGET_NAME)";
				SWIFT_VERSION = 5.0;
				TARGETED_DEVICE_FAMILY = "1,2";
			};
			name = Debug;
		};
		505084352221DB09000662B8 /* Release */ = {
			isa = XCBuildConfiguration;
			baseConfigurationReference = 57D7A809755AD63C28DAA67C /* Pods-Abstrampeln.release.xcconfig */;
			buildSettings = {
				ASSETCATALOG_COMPILER_APPICON_NAME = AppIcon;
				CODE_SIGN_STYLE = Automatic;
				DEVELOPMENT_TEAM = ATMW4AU45H;
				INFOPLIST_FILE = Abstrampeln/Info.plist;
				LD_RUNPATH_SEARCH_PATHS = (
					"$(inherited)",
					"@executable_path/Frameworks",
				);
				PRODUCT_BUNDLE_IDENTIFIER = de.343max.Abstrampeln;
				PRODUCT_NAME = "$(TARGET_NAME)";
				SWIFT_VERSION = 5.0;
				TARGETED_DEVICE_FAMILY = "1,2";
			};
			name = Release;
		};
/* End XCBuildConfiguration section */

/* Begin XCConfigurationList section */
		5050841C2221DB07000662B8 /* Build configuration list for PBXProject "Abstrampeln" */ = {
			isa = XCConfigurationList;
			buildConfigurations = (
				505084312221DB09000662B8 /* Debug */,
				505084322221DB09000662B8 /* Release */,
			);
			defaultConfigurationIsVisible = 0;
			defaultConfigurationName = Release;
		};
		505084332221DB09000662B8 /* Build configuration list for PBXNativeTarget "Abstrampeln" */ = {
			isa = XCConfigurationList;
			buildConfigurations = (
				505084342221DB09000662B8 /* Debug */,
				505084352221DB09000662B8 /* Release */,
			);
			defaultConfigurationIsVisible = 0;
			defaultConfigurationName = Release;
		};
/* End XCConfigurationList section */
	};
	rootObject = 505084192221DB07000662B8 /* Project object */;
}
